
Microsoft Visual Studio Solution File, Format Version 12.00
# Visual Studio Version 17
VisualStudioVersion = 17.9.34902.65
MinimumVisualStudioVersion = 10.0.40219.1
Project("{FAE04EC0-301F-11D3-BF4B-00C04F79EFBC}") = "AspNetCoreIdentity.API", "AspNetCoreIdentity.API\AspNetCoreIdentity.API.csproj", "{0504DA36-5AF1-43F2-92A3-13BDA3311D9E}"
EndProject
Project("{E53339B2-1760-4266-BCC7-CA923CBCF16C}") = "docker-compose", "docker-compose.dcproj", "{94FA4F9F-0E5F-41B5-AA86-A1A4CCCB6414}"
EndProject
Global
	GlobalSection(SolutionConfigurationPlatforms) = preSolution
		Debug|Any CPU = Debug|Any CPU
		Release|Any CPU = Release|Any CPU
	EndGlobalSection
	GlobalSection(ProjectConfigurationPlatforms) = postSolution
		{0504DA36-5AF1-43F2-92A3-13BDA3311D9E}.Debug|Any CPU.ActiveCfg = Debug|Any CPU
		{0504DA36-5AF1-43F2-92A3-13BDA3311D9E}.Debug|Any CPU.Build.0 = Debug|Any CPU
		{0504DA36-5AF1-43F2-92A3-13BDA3311D9E}.Release|Any CPU.ActiveCfg = Release|Any CPU
		{0504DA36-5AF1-43F2-92A3-13BDA3311D9E}.Release|Any CPU.Build.0 = Release|Any CPU
		{94FA4F9F-0E5F-41B5-AA86-A1A4CCCB6414}.Debug|Any CPU.ActiveCfg = Debug|Any CPU
		{94FA4F9F-0E5F-41B5-AA86-A1A4CCCB6414}.Debug|Any CPU.Build.0 = Debug|Any CPU
		{94FA4F9F-0E5F-41B5-AA86-A1A4CCCB6414}.Release|Any CPU.ActiveCfg = Release|Any CPU
		{94FA4F9F-0E5F-41B5-AA86-A1A4CCCB6414}.Release|Any CPU.Build.0 = Release|Any CPU
	EndGlobalSection
	GlobalSection(SolutionProperties) = preSolution
		HideSolutionNode = FALSE
	EndGlobalSection
	GlobalSection(ExtensibilityGlobals) = postSolution
		SolutionGuid = {B079F99E-50E4-4628-A7F3-BFEEB36B5E26}
	EndGlobalSection
EndGlobal
